// !$*UTF8*$!
{
	archiveVersion = 1;
	classes = {
	};
	objectVersion = 51;
	objects = {

/* Begin PBXBuildFile section */
		3C6BD0CB2531B99F0077353E /* AppDelegate.swift in Sources */ = {isa = PBXBuildFile; fileRef = 3C6BD0CA2531B99F0077353E /* AppDelegate.swift */; };
		3C6BD0CD2531B99F0077353E /* SceneDelegate.swift in Sources */ = {isa = PBXBuildFile; fileRef = 3C6BD0CC2531B99F0077353E /* SceneDelegate.swift */; };
		3C6BD0CF2531B99F0077353E /* ViewController.swift in Sources */ = {isa = PBXBuildFile; fileRef = 3C6BD0CE2531B99F0077353E /* ViewController.swift */; };
		3C6BD0D22531B99F0077353E /* Main.storyboard in Resources */ = {isa = PBXBuildFile; fileRef = 3C6BD0D02531B99F0077353E /* Main.storyboard */; };
		3C6BD0D42531B9A40077353E /* Assets.xcassets in Resources */ = {isa = PBXBuildFile; fileRef = 3C6BD0D32531B9A40077353E /* Assets.xcassets */; };
		3C6BD0D72531B9A40077353E /* LaunchScreen.storyboard in Resources */ = {isa = PBXBuildFile; fileRef = 3C6BD0D52531B9A40077353E /* LaunchScreen.storyboard */; };
		3C6BD11725321F7F0077353E /* ToDoTableViewCell.swift in Sources */ = {isa = PBXBuildFile; fileRef = 3C6BD11625321F7F0077353E /* ToDoTableViewCell.swift */; };
		3C6BD12125323EA40077353E /* CreateTodoViewController.swift in Sources */ = {isa = PBXBuildFile; fileRef = 3C6BD12025323EA40077353E /* CreateTodoViewController.swift */; };
		3C6BD12625324B8F0077353E /* ToDoModel.swift in Sources */ = {isa = PBXBuildFile; fileRef = 3C6BD12525324B8F0077353E /* ToDoModel.swift */; };
		3C6BD137253253CA0077353E /* Interactor.swift in Sources */ = {isa = PBXBuildFile; fileRef = 3C6BD136253253CA0077353E /* Interactor.swift */; };
		3C6BD13B253253EF0077353E /* Presenter.swift in Sources */ = {isa = PBXBuildFile; fileRef = 3C6BD13A253253EF0077353E /* Presenter.swift */; };
		3C6BD143253254380077353E /* Router.swift in Sources */ = {isa = PBXBuildFile; fileRef = 3C6BD142253254380077353E /* Router.swift */; };
		3C9934B8253322D20025EDD5 /* CreateTodoPresenter.swift in Sources */ = {isa = PBXBuildFile; fileRef = 3C9934B7253322D20025EDD5 /* CreateTodoPresenter.swift */; };
		4297EFCA1055C31611CCF6E4 /* Pods_ArcHomework.framework in Frameworks */ = {isa = PBXBuildFile; fileRef = D971739549853314CA7536C8 /* Pods_ArcHomework.framework */; };
/* End PBXBuildFile section */

/* Begin PBXFileReference section */
		3C6BD0C72531B99F0077353E /* ArcHomework.app */ = {isa = PBXFileReference; explicitFileType = wrapper.application; includeInIndex = 0; path = ArcHomework.app; sourceTree = BUILT_PRODUCTS_DIR; };
		3C6BD0CA2531B99F0077353E /* AppDelegate.swift */ = {isa = PBXFileReference; lastKnownFileType = sourcecode.swift; path = AppDelegate.swift; sourceTree = "<group>"; };
		3C6BD0CC2531B99F0077353E /* SceneDelegate.swift */ = {isa = PBXFileReference; lastKnownFileType = sourcecode.swift; path = SceneDelegate.swift; sourceTree = "<group>"; };
		3C6BD0CE2531B99F0077353E /* ViewController.swift */ = {isa = PBXFileReference; lastKnownFileType = sourcecode.swift; path = ViewController.swift; sourceTree = "<group>"; };
		3C6BD0D12531B99F0077353E /* Base */ = {isa = PBXFileReference; lastKnownFileType = file.storyboard; name = Base; path = Base.lproj/Main.storyboard; sourceTree = "<group>"; };
		3C6BD0D32531B9A40077353E /* Assets.xcassets */ = {isa = PBXFileReference; lastKnownFileType = folder.assetcatalog; path = Assets.xcassets; sourceTree = "<group>"; };
		3C6BD0D62531B9A40077353E /* Base */ = {isa = PBXFileReference; lastKnownFileType = file.storyboard; name = Base; path = Base.lproj/LaunchScreen.storyboard; sourceTree = "<group>"; };
		3C6BD0D82531B9A40077353E /* Info.plist */ = {isa = PBXFileReference; lastKnownFileType = text.plist.xml; path = Info.plist; sourceTree = "<group>"; };
		3C6BD11625321F7F0077353E /* ToDoTableViewCell.swift */ = {isa = PBXFileReference; lastKnownFileType = sourcecode.swift; path = ToDoTableViewCell.swift; sourceTree = "<group>"; };
		3C6BD12025323EA40077353E /* CreateTodoViewController.swift */ = {isa = PBXFileReference; lastKnownFileType = sourcecode.swift; name = CreateTodoViewController.swift; path = ArcHomework/ViewControllers/CreateTodoViewController.swift; sourceTree = SOURCE_ROOT; };
		3C6BD12525324B8F0077353E /* ToDoModel.swift */ = {isa = PBXFileReference; lastKnownFileType = sourcecode.swift; path = ToDoModel.swift; sourceTree = "<group>"; };
		3C6BD136253253CA0077353E /* Interactor.swift */ = {isa = PBXFileReference; lastKnownFileType = sourcecode.swift; name = Interactor.swift; path = ArcHomework/Interactor.swift; sourceTree = "<group>"; };
		3C6BD13A253253EF0077353E /* Presenter.swift */ = {isa = PBXFileReference; lastKnownFileType = sourcecode.swift; path = Presenter.swift; sourceTree = "<group>"; };
		3C6BD142253254380077353E /* Router.swift */ = {isa = PBXFileReference; lastKnownFileType = sourcecode.swift; path = Router.swift; sourceTree = "<group>"; };
		3C9934B7253322D20025EDD5 /* CreateTodoPresenter.swift */ = {isa = PBXFileReference; lastKnownFileType = sourcecode.swift; path = CreateTodoPresenter.swift; sourceTree = "<group>"; };
		794ECFA88B5E0BFA959892C7 /* Pods-ArcHomework.release.xcconfig */ = {isa = PBXFileReference; includeInIndex = 1; lastKnownFileType = text.xcconfig; name = "Pods-ArcHomework.release.xcconfig"; path = "Target Support Files/Pods-ArcHomework/Pods-ArcHomework.release.xcconfig"; sourceTree = "<group>"; };
		B2772DFB96A8CB017D02DF14 /* Pods-ArcHomework.debug.xcconfig */ = {isa = PBXFileReference; includeInIndex = 1; lastKnownFileType = text.xcconfig; name = "Pods-ArcHomework.debug.xcconfig"; path = "Target Support Files/Pods-ArcHomework/Pods-ArcHomework.debug.xcconfig"; sourceTree = "<group>"; };
		D971739549853314CA7536C8 /* Pods_ArcHomework.framework */ = {isa = PBXFileReference; explicitFileType = wrapper.framework; includeInIndex = 0; path = Pods_ArcHomework.framework; sourceTree = BUILT_PRODUCTS_DIR; };
/* End PBXFileReference section */

/* Begin PBXFrameworksBuildPhase section */
		3C6BD0C42531B99F0077353E /* Frameworks */ = {
			isa = PBXFrameworksBuildPhase;
			buildActionMask = 2147483647;
			files = (
				4297EFCA1055C31611CCF6E4 /* Pods_ArcHomework.framework in Frameworks */,
			);
			runOnlyForDeploymentPostprocessing = 0;
		};
/* End PBXFrameworksBuildPhase section */

/* Begin PBXGroup section */
		3C6BD0BE2531B99F0077353E = {
			isa = PBXGroup;
			children = (
				3C6BD0C92531B99F0077353E /* ArcHomework */,
				3C6BD0C82531B99F0077353E /* Products */,
				EE28A9BF52E8FBAB08C030FB /* Pods */,
				8E164880A4AFF62286B3CCA0 /* Frameworks */,
			);
			sourceTree = "<group>";
		};
		3C6BD0C82531B99F0077353E /* Products */ = {
			isa = PBXGroup;
			children = (
				3C6BD0C72531B99F0077353E /* ArcHomework.app */,
			);
			name = Products;
			sourceTree = "<group>";
		};
		3C6BD0C92531B99F0077353E /* ArcHomework */ = {
			isa = PBXGroup;
			children = (
				3C6BD0CA2531B99F0077353E /* AppDelegate.swift */,
				3C6BD0CC2531B99F0077353E /* SceneDelegate.swift */,
				3C6BD133253253580077353E /* ViewControllers */,
				3C6BD135253253960077353E /* Interactors */,
				3C6BD139253253D50077353E /* Presenters */,
				3C6BD13E253254060077353E /* Entities */,
				3C6BD141253254280077353E /* Routers */,
				3C6BD0D02531B99F0077353E /* Main.storyboard */,
				3C6BD0D32531B9A40077353E /* Assets.xcassets */,
				3C6BD0D52531B9A40077353E /* LaunchScreen.storyboard */,
				3C6BD0D82531B9A40077353E /* Info.plist */,
			);
			path = ArcHomework;
			sourceTree = "<group>";
		};
		3C6BD133253253580077353E /* ViewControllers */ = {
			isa = PBXGroup;
			children = (
				3C6BD0CE2531B99F0077353E /* ViewController.swift */,
				3C6BD12025323EA40077353E /* CreateTodoViewController.swift */,
			);
			path = ViewControllers;
			sourceTree = "<group>";
		};
		3C6BD135253253960077353E /* Interactors */ = {
			isa = PBXGroup;
			children = (
				3C6BD136253253CA0077353E /* Interactor.swift */,
			);
			name = Interactors;
			path = ..;
			sourceTree = "<group>";
		};
		3C6BD139253253D50077353E /* Presenters */ = {
			isa = PBXGroup;
			children = (
				3C6BD13A253253EF0077353E /* Presenter.swift */,
				3C9934B7253322D20025EDD5 /* CreateTodoPresenter.swift */,
			);
			path = Presenters;
			sourceTree = "<group>";
		};
		3C6BD13E253254060077353E /* Entities */ = {
			isa = PBXGroup;
			children = (
				3C6BD12525324B8F0077353E /* ToDoModel.swift */,
				3C6BD11625321F7F0077353E /* ToDoTableViewCell.swift */,
			);
			path = Entities;
			sourceTree = "<group>";
		};
		3C6BD141253254280077353E /* Routers */ = {
			isa = PBXGroup;
			children = (
				3C6BD142253254380077353E /* Router.swift */,
			);
			path = Routers;
			sourceTree = "<group>";
		};
		8E164880A4AFF62286B3CCA0 /* Frameworks */ = {
			isa = PBXGroup;
			children = (
				D971739549853314CA7536C8 /* Pods_ArcHomework.framework */,
			);
			name = Frameworks;
			sourceTree = "<group>";
		};
		EE28A9BF52E8FBAB08C030FB /* Pods */ = {
			isa = PBXGroup;
			children = (
				B2772DFB96A8CB017D02DF14 /* Pods-ArcHomework.debug.xcconfig */,
				794ECFA88B5E0BFA959892C7 /* Pods-ArcHomework.release.xcconfig */,
			);
			path = Pods;
			sourceTree = "<group>";
		};
/* End PBXGroup section */

/* Begin PBXNativeTarget section */
		3C6BD0C62531B99F0077353E /* ArcHomework */ = {
			isa = PBXNativeTarget;
			buildConfigurationList = 3C6BD0DB2531B9A40077353E /* Build configuration list for PBXNativeTarget "ArcHomework" */;
			buildPhases = (
				2D85F494EE193DA2021E3340 /* [CP] Check Pods Manifest.lock */,
				3C6BD0C32531B99F0077353E /* Sources */,
				3C6BD0C42531B99F0077353E /* Frameworks */,
				3C6BD0C52531B99F0077353E /* Resources */,
				870CC3626137635418801917 /* [CP] Embed Pods Frameworks */,
			);
			buildRules = (
			);
			dependencies = (
			);
			name = ArcHomework;
			productName = ArcHomework;
			productReference = 3C6BD0C72531B99F0077353E /* ArcHomework.app */;
			productType = "com.apple.product-type.application";
		};
/* End PBXNativeTarget section */

/* Begin PBXProject section */
		3C6BD0BF2531B99F0077353E /* Project object */ = {
			isa = PBXProject;
			attributes = {
				LastSwiftUpdateCheck = 1200;
				LastUpgradeCheck = 1200;
				TargetAttributes = {
					3C6BD0C62531B99F0077353E = {
						CreatedOnToolsVersion = 12.0.1;
					};
				};
			};
			buildConfigurationList = 3C6BD0C22531B99F0077353E /* Build configuration list for PBXProject "ArcHomework" */;
			compatibilityVersion = "Xcode 9.3";
			developmentRegion = en;
			hasScannedForEncodings = 0;
			knownRegions = (
				en,
				Base,
			);
			mainGroup = 3C6BD0BE2531B99F0077353E;
			productRefGroup = 3C6BD0C82531B99F0077353E /* Products */;
			projectDirPath = "";
			projectRoot = "";
			targets = (
				3C6BD0C62531B99F0077353E /* ArcHomework */,
			);
		};
/* End PBXProject section */

/* Begin PBXResourcesBuildPhase section */
		3C6BD0C52531B99F0077353E /* Resources */ = {
			isa = PBXResourcesBuildPhase;
			buildActionMask = 2147483647;
			files = (
				3C6BD0D72531B9A40077353E /* LaunchScreen.storyboard in Resources */,
				3C6BD0D42531B9A40077353E /* Assets.xcassets in Resources */,
				3C6BD0D22531B99F0077353E /* Main.storyboard in Resources */,
			);
			runOnlyForDeploymentPostprocessing = 0;
		};
/* End PBXResourcesBuildPhase section */

/* Begin PBXShellScriptBuildPhase section */
		2D85F494EE193DA2021E3340 /* [CP] Check Pods Manifest.lock */ = {
			isa = PBXShellScriptBuildPhase;
			buildActionMask = 2147483647;
			files = (
			);
			inputFileListPaths = (
			);
			inputPaths = (
				"${PODS_PODFILE_DIR_PATH}/Podfile.lock",
				"${PODS_ROOT}/Manifest.lock",
			);
			name = "[CP] Check Pods Manifest.lock";
			outputFileListPaths = (
			);
			outputPaths = (
				"$(DERIVED_FILE_DIR)/Pods-ArcHomework-checkManifestLockResult.txt",
			);
			runOnlyForDeploymentPostprocessing = 0;
			shellPath = /bin/sh;
			shellScript = "diff \"${PODS_PODFILE_DIR_PATH}/Podfile.lock\" \"${PODS_ROOT}/Manifest.lock\" > /dev/null\nif [ $? != 0 ] ; then\n    # print error to STDERR\n    echo \"error: The sandbox is not in sync with the Podfile.lock. Run 'pod install' or update your CocoaPods installation.\" >&2\n    exit 1\nfi\n# This output is used by Xcode 'outputs' to avoid re-running this script phase.\necho \"SUCCESS\" > \"${SCRIPT_OUTPUT_FILE_0}\"\n";
			showEnvVarsInLog = 0;
		};
		870CC3626137635418801917 /* [CP] Embed Pods Frameworks */ = {
			isa = PBXShellScriptBuildPhase;
			buildActionMask = 2147483647;
			files = (
			);
			inputFileListPaths = (
				"${PODS_ROOT}/Target Support Files/Pods-ArcHomework/Pods-ArcHomework-frameworks-${CONFIGURATION}-input-files.xcfilelist",
			);
			name = "[CP] Embed Pods Frameworks";
			outputFileListPaths = (
				"${PODS_ROOT}/Target Support Files/Pods-ArcHomework/Pods-ArcHomework-frameworks-${CONFIGURATION}-output-files.xcfilelist",
			);
			runOnlyForDeploymentPostprocessing = 0;
			shellPath = /bin/sh;
			shellScript = "\"${PODS_ROOT}/Target Support Files/Pods-ArcHomework/Pods-ArcHomework-frameworks.sh\"\n";
			showEnvVarsInLog = 0;
		};
/* End PBXShellScriptBuildPhase section */

/* Begin PBXSourcesBuildPhase section */
		3C6BD0C32531B99F0077353E /* Sources */ = {
			isa = PBXSourcesBuildPhase;
			buildActionMask = 2147483647;
			files = (
				3C6BD0CF2531B99F0077353E /* ViewController.swift in Sources */,
				3C6BD0CB2531B99F0077353E /* AppDelegate.swift in Sources */,
				3C9934B8253322D20025EDD5 /* CreateTodoPresenter.swift in Sources */,
				3C6BD13B253253EF0077353E /* Presenter.swift in Sources */,
				3C6BD0CD2531B99F0077353E /* SceneDelegate.swift in Sources */,
				3C6BD143253254380077353E /* Router.swift in Sources */,
				3C6BD12625324B8F0077353E /* ToDoModel.swift in Sources */,
				3C6BD12125323EA40077353E /* CreateTodoViewController.swift in Sources */,
				3C6BD137253253CA0077353E /* Interactor.swift in Sources */,
				3C6BD11725321F7F0077353E /* ToDoTableViewCell.swift in Sources */,
			);
			runOnlyForDeploymentPostprocessing = 0;
		};
/* End PBXSourcesBuildPhase section */

/* Begin PBXVariantGroup section */
		3C6BD0D02531B99F0077353E /* Main.storyboard */ = {
			isa = PBXVariantGroup;
			children = (
				3C6BD0D12531B99F0077353E /* Base */,
			);
			name = Main.storyboard;
			sourceTree = "<group>";
		};
		3C6BD0D52531B9A40077353E /* LaunchScreen.storyboard */ = {
			isa = PBXVariantGroup;
			children = (
				3C6BD0D62531B9A40077353E /* Base */,
			);
			name = LaunchScreen.storyboard;
			sourceTree = "<group>";
		};
/* End PBXVariantGroup section */

/* Begin XCBuildConfiguration section */
		3C6BD0D92531B9A40077353E /* Debug */ = {
			isa = XCBuildConfiguration;
			buildSettings = {
				ALWAYS_SEARCH_USER_PATHS = NO;
				CLANG_ANALYZER_NONNULL = YES;
				CLANG_ANALYZER_NUMBER_OBJECT_CONVERSION = YES_AGGRESSIVE;
				CLANG_CXX_LANGUAGE_STANDARD = "gnu++14";
				CLANG_CXX_LIBRARY = "libc++";
				CLANG_ENABLE_MODULES = YES;
				CLANG_ENABLE_OBJC_ARC = YES;
				CLANG_ENABLE_OBJC_WEAK = YES;
				CLANG_WARN_BLOCK_CAPTURE_AUTORELEASING = YES;
				CLANG_WARN_BOOL_CONVERSION = YES;
				CLANG_WARN_COMMA = YES;
				CLANG_WARN_CONSTANT_CONVERSION = YES;
				CLANG_WARN_DEPRECATED_OBJC_IMPLEMENTATIONS = YES;
				CLANG_WARN_DIRECT_OBJC_ISA_USAGE = YES_ERROR;
				CLANG_WARN_DOCUMENTATION_COMMENTS = YES;
				CLANG_WARN_EMPTY_BODY = YES;
				CLANG_WARN_ENUM_CONVERSION = YES;
				CLANG_WARN_INFINITE_RECURSION = YES;
				CLANG_WARN_INT_CONVERSION = YES;
				CLANG_WARN_NON_LITERAL_NULL_CONVERSION = YES;
				CLANG_WARN_OBJC_IMPLICIT_RETAIN_SELF = YES;
				CLANG_WARN_OBJC_LITERAL_CONVERSION = YES;
				CLANG_WARN_OBJC_ROOT_CLASS = YES_ERROR;
				CLANG_WARN_QUOTED_INCLUDE_IN_FRAMEWORK_HEADER = YES;
				CLANG_WARN_RANGE_LOOP_ANALYSIS = YES;
				CLANG_WARN_STRICT_PROTOTYPES = YES;
				CLANG_WARN_SUSPICIOUS_MOVE = YES;
				CLANG_WARN_UNGUARDED_AVAILABILITY = YES_AGGRESSIVE;
				CLANG_WARN_UNREACHABLE_CODE = YES;
				CLANG_WARN__DUPLICATE_METHOD_MATCH = YES;
				COPY_PHASE_STRIP = NO;
				DEBUG_INFORMATION_FORMAT = dwarf;
				ENABLE_STRICT_OBJC_MSGSEND = YES;
				ENABLE_TESTABILITY = YES;
				GCC_C_LANGUAGE_STANDARD = gnu11;
				GCC_DYNAMIC_NO_PIC = NO;
				GCC_NO_COMMON_BLOCKS = YES;
				GCC_OPTIMIZATION_LEVEL = 0;
				GCC_PREPROCESSOR_DEFINITIONS = (
					"DEBUG=1",
					"$(inherited)",
				);
				GCC_WARN_64_TO_32_BIT_CONVERSION = YES;
				GCC_WARN_ABOUT_RETURN_TYPE = YES_ERROR;
				GCC_WARN_UNDECLARED_SELECTOR = YES;
				GCC_WARN_UNINITIALIZED_AUTOS = YES_AGGRESSIVE;
				GCC_WARN_UNUSED_FUNCTION = YES;
				GCC_WARN_UNUSED_VARIABLE = YES;
				IPHONEOS_DEPLOYMENT_TARGET = 14.0;
				MTL_ENABLE_DEBUG_INFO = INCLUDE_SOURCE;
				MTL_FAST_MATH = YES;
				ONLY_ACTIVE_ARCH = YES;
				SDKROOT = iphoneos;
				SWIFT_ACTIVE_COMPILATION_CONDITIONS = DEBUG;
				SWIFT_OPTIMIZATION_LEVEL = "-Onone";
			};
			name = Debug;
		};
		3C6BD0DA2531B9A40077353E /* Release */ = {
			isa = XCBuildConfiguration;
			buildSettings = {
				ALWAYS_SEARCH_USER_PATHS = NO;
				CLANG_ANALYZER_NONNULL = YES;
				CLANG_ANALYZER_NUMBER_OBJECT_CONVERSION = YES_AGGRESSIVE;
				CLANG_CXX_LANGUAGE_STANDARD = "gnu++14";
				CLANG_CXX_LIBRARY = "libc++";
				CLANG_ENABLE_MODULES = YES;
				CLANG_ENABLE_OBJC_ARC = YES;
				CLANG_ENABLE_OBJC_WEAK = YES;
				CLANG_WARN_BLOCK_CAPTURE_AUTORELEASING = YES;
				CLANG_WARN_BOOL_CONVERSION = YES;
				CLANG_WARN_COMMA = YES;
				CLANG_WARN_CONSTANT_CONVERSION = YES;
				CLANG_WARN_DEPRECATED_OBJC_IMPLEMENTATIONS = YES;
				CLANG_WARN_DIRECT_OBJC_ISA_USAGE = YES_ERROR;
				CLANG_WARN_DOCUMENTATION_COMMENTS = YES;
				CLANG_WARN_EMPTY_BODY = YES;
				CLANG_WARN_ENUM_CONVERSION = YES;
				CLANG_WARN_INFINITE_RECURSION = YES;
				CLANG_WARN_INT_CONVERSION = YES;
				CLANG_WARN_NON_LITERAL_NULL_CONVERSION = YES;
				CLANG_WARN_OBJC_IMPLICIT_RETAIN_SELF = YES;
				CLANG_WARN_OBJC_LITERAL_CONVERSION = YES;
				CLANG_WARN_OBJC_ROOT_CLASS = YES_ERROR;
				CLANG_WARN_QUOTED_INCLUDE_IN_FRAMEWORK_HEADER = YES;
				CLANG_WARN_RANGE_LOOP_ANALYSIS = YES;
				CLANG_WARN_STRICT_PROTOTYPES = YES;
				CLANG_WARN_SUSPICIOUS_MOVE = YES;
				CLANG_WARN_UNGUARDED_AVAILABILITY = YES_AGGRESSIVE;
				CLANG_WARN_UNREACHABLE_CODE = YES;
				CLANG_WARN__DUPLICATE_METHOD_MATCH = YES;
				COPY_PHASE_STRIP = NO;
				DEBUG_INFORMATION_FORMAT = "dwarf-with-dsym";
				ENABLE_NS_ASSERTIONS = NO;
				ENABLE_STRICT_OBJC_MSGSEND = YES;
				GCC_C_LANGUAGE_STANDARD = gnu11;
				GCC_NO_COMMON_BLOCKS = YES;
				GCC_WARN_64_TO_32_BIT_CONVERSION = YES;
				GCC_WARN_ABOUT_RETURN_TYPE = YES_ERROR;
				GCC_WARN_UNDECLARED_SELECTOR = YES;
				GCC_WARN_UNINITIALIZED_AUTOS = YES_AGGRESSIVE;
				GCC_WARN_UNUSED_FUNCTION = YES;
				GCC_WARN_UNUSED_VARIABLE = YES;
				IPHONEOS_DEPLOYMENT_TARGET = 14.0;
				MTL_ENABLE_DEBUG_INFO = NO;
				MTL_FAST_MATH = YES;
				SDKROOT = iphoneos;
				SWIFT_COMPILATION_MODE = wholemodule;
				SWIFT_OPTIMIZATION_LEVEL = "-O";
				VALIDATE_PRODUCT = YES;
			};
			name = Release;
		};
		3C6BD0DC2531B9A40077353E /* Debug */ = {
			isa = XCBuildConfiguration;
			baseConfigurationReference = B2772DFB96A8CB017D02DF14 /* Pods-ArcHomework.debug.xcconfig */;
			buildSettings = {
				ASSETCATALOG_COMPILER_APPICON_NAME = AppIcon;
				ASSETCATALOG_COMPILER_GLOBAL_ACCENT_COLOR_NAME = AccentColor;
				CODE_SIGN_STYLE = Automatic;
				DEVELOPMENT_TEAM = Q66LD4VF2K;
				INFOPLIST_FILE = ArcHomework/Info.plist;
				LD_RUNPATH_SEARCH_PATHS = (
					"$(inherited)",
					"@executable_path/Frameworks",
				);
				PRODUCT_BUNDLE_IDENTIFIER = SkillBox.ArcHomework;
				PRODUCT_NAME = "$(TARGET_NAME)";
				SWIFT_VERSION = 5.0;
				TARGETED_DEVICE_FAMILY = "1,2";
			};
			name = Debug;
		};
		3C6BD0DD2531B9A40077353E /* Release */ = {
			isa = XCBuildConfiguration;
			baseConfigurationReference = 794ECFA88B5E0BFA959892C7 /* Pods-ArcHomework.release.xcconfig */;
			buildSettings = {
				ASSETCATALOG_COMPILER_APPICON_NAME = AppIcon;
				ASSETCATALOG_COMPILER_GLOBAL_ACCENT_COLOR_NAME = AccentColor;
				CODE_SIGN_STYLE = Automatic;
				DEVELOPMENT_TEAM = Q66LD4VF2K;
				INFOPLIST_FILE = ArcHomework/Info.plist;
				LD_RUNPATH_SEARCH_PATHS = (
					"$(inherited)",
					"@executable_path/Frameworks",
				);
				PRODUCT_BUNDLE_IDENTIFIER = SkillBox.ArcHomework;
				PRODUCT_NAME = "$(TARGET_NAME)";
				SWIFT_VERSION = 5.0;
				TARGETED_DEVICE_FAMILY = "1,2";
			};
			name = Release;
		};
/* End XCBuildConfiguration section */

/* Begin XCConfigurationList section */
		3C6BD0C22531B99F0077353E /* Build configuration list for PBXProject "ArcHomework" */ = {
			isa = XCConfigurationList;
			buildConfigurations = (
				3C6BD0D92531B9A40077353E /* Debug */,
				3C6BD0DA2531B9A40077353E /* Release */,
			);
			defaultConfigurationIsVisible = 0;
			defaultConfigurationName = Release;
		};
		3C6BD0DB2531B9A40077353E /* Build configuration list for PBXNativeTarget "ArcHomework" */ = {
			isa = XCConfigurationList;
			buildConfigurations = (
				3C6BD0DC2531B9A40077353E /* Debug */,
				3C6BD0DD2531B9A40077353E /* Release */,
			);
			defaultConfigurationIsVisible = 0;
			defaultConfigurationName = Release;
		};
/* End XCConfigurationList section */
	};
	rootObject = 3C6BD0BF2531B99F0077353E /* Project object */;
}
